{
  "name": "recipe-components-editor",
  "lockfileVersion": 3,
  "requires": true,
  "packages": {
    "": {
      "devDependencies": {
        "@toolwind/anchors": "^1.0.10"
      }
    },
    "node_modules/@toolwind/anchors": {
      "version": "1.0.10",
      "resolved": "https://registry.npmjs.org/@toolwind/anchors/-/anchors-1.0.10.tgz",
      "integrity": "sha512-F3J/lxGGPUy+GIpT49NmYMF1X7l0d7UzdDASni29il2ro5sT4cYfPBFHBAfOM0lpgKOr/HnqINlomngt8BcvnA==",
      "dev": true,
      "hasInstallScript": true,
      "license": "MIT",
      "peerDependencies": {
        "tailwindcss": ">=3.0.0 || >=4.0.0"
      }
    },
    "node_modules/tailwindcss": {
      "version": "4.2.4",
      "resolved": "https://registry.npmjs.org/tailwindcss/-/tailwindcss-4.2.4.tgz",
      "integrity": "sha512-HhKppgO81FQof5m6TEnuBWCZGgfRAWbaeOaGT00KOy/Pf/j6oUihdvBpA7ltCeAvZpFhW3j0PTclkxsd4IXYDA==",
      "dev": true,
      "license": "MIT",
      "peer": true
    }
  }
}
